PODS:
  - Capacitor (6.1.0):
    - CapacitorCordova
  - CapacitorCordova (6.1.0)
  - MSAL (1.4.0):
    - MSAL/app-lib (= 1.4.0)
  - MSAL/app-lib (1.4.0)

DEPENDENCIES:
  - "Capacitor (from `../node_modules/@capacitor/ios`)"
  - "CapacitorCordova (from `../node_modules/@capacitor/ios`)"
  - MSAL

SPEC REPOS:
  trunk:
    - MSAL

EXTERNAL SOURCES:
  Capacitor:
    :path: "../node_modules/@capacitor/ios"
  CapacitorCordova:
    :path: "../node_modules/@capacitor/ios"

SPEC CHECKSUMS:
  Capacitor: 3aff4dee0552f6badcd04f47ab3174387d71f47d
  CapacitorCordova: be703980ca797f847c3356f78fa175d21c8330c2
  MSAL: 63e26e0039aa4ff851efbf61266a21851375f506

PODFILE CHECKSUM: 8055bb1627d9f00d83e2e194e48db1a08e6007ac

COCOAPODS: 1.16.2
