PODS:
  - Capacitor (5.2.2):
    - CapacitorCordova
  - CapacitorCordova (5.2.2)
  - MSAL (1.2.21):
    - MSAL/app-lib (= 1.2.21)
  - MSAL/app-lib (1.2.21)

DEPENDENCIES:
  - "Capacitor (from `../node_modules/@capacitor/ios`)"
  - "CapacitorCordova (from `../node_modules/@capacitor/ios`)"
  - MSAL

SPEC REPOS:
  trunk:
    - MSAL

EXTERNAL SOURCES:
  Capacitor:
    :path: "../node_modules/@capacitor/ios"
  CapacitorCordova:
    :path: "../node_modules/@capacitor/ios"

SPEC CHECKSUMS:
  Capacitor: 070b18988e0f566728ae9a5eb3a7a974595f1626
  CapacitorCordova: 3773395d5331add072300ff6041ca2cf7b93cb0b
  MSAL: d887ef11556ff828453bef8613c8ef6f4d4bfe62

PODFILE CHECKSUM: 8055bb1627d9f00d83e2e194e48db1a08e6007ac

COCOAPODS: 1.14.3
